
Microsoft Visual Studio Solution File, Format Version 12.00
# Visual Studio Version 16
VisualStudioVersion = 16.0.31911.196
MinimumVisualStudioVersion = 10.0.40219.1
Project("{FAE04EC0-301F-11D3-BF4B-00C04F79EFBC}") = "quanlysachmoi", "quanlysachmoi\quanlysachmoi.csproj", "{01806E7C-E180-4E3A-AA68-4B733928D538}"
EndProject
Global
	GlobalSection(SolutionConfigurationPlatforms) = preSolution
		Debug|Any CPU = Debug|Any CPU
		Release|Any CPU = Release|Any CPU
	EndGlobalSection
	GlobalSection(ProjectConfigurationPlatforms) = postSolution
		{01806E7C-E180-4E3A-AA68-4B733928D538}.Debug|Any CPU.ActiveCfg = Debug|Any CPU
		{01806E7C-E180-4E3A-AA68-4B733928D538}.Debug|Any CPU.Build.0 = Debug|Any CPU
		{01806E7C-E180-4E3A-AA68-4B733928D538}.Release|Any CPU.ActiveCfg = Release|Any CPU
		{01806E7C-E180-4E3A-AA68-4B733928D538}.Release|Any CPU.Build.0 = Release|Any CPU
	EndGlobalSection
	GlobalSection(SolutionProperties) = preSolution
		HideSolutionNode = FALSE
	EndGlobalSection
	GlobalSection(ExtensibilityGlobals) = postSolution
		SolutionGuid = {C63F201B-ED22-44FE-BE00-3A7202D82FE5}
	EndGlobalSection
EndGlobal
